// !$*UTF8*$!
{
	archiveVersion = 1;
	classes = {
	};
	objectVersion = 56;
	objects = {

/* Begin PBXBuildFile section */
		1E1F5C1D2B90B27700222B57 /* AppDelegate.swift in Sources */ = {isa = PBXBuildFile; fileRef = 1E1F5C1C2B90B27700222B57 /* AppDelegate.swift */; };
		1E1F5C1F2B90B27700222B57 /* SceneDelegate.swift in Sources */ = {isa = PBXBuildFile; fileRef = 1E1F5C1E2B90B27700222B57 /* SceneDelegate.swift */; };
		1E1F5C212B90B27700222B57 /* ViewController.swift in Sources */ = {isa = PBXBuildFile; fileRef = 1E1F5C202B90B27700222B57 /* ViewController.swift */; };
		1E1F5C242B90B27700222B57 /* Main.storyboard in Resources */ = {isa = PBXBuildFile; fileRef = 1E1F5C222B90B27700222B57 /* Main.storyboard */; };
		1E1F5C262B90B27800222B57 /* Assets.xcassets in Resources */ = {isa = PBXBuildFile; fileRef = 1E1F5C252B90B27800222B57 /* Assets.xcassets */; };
		1E1F5C292B90B27800222B57 /* LaunchScreen.storyboard in Resources */ = {isa = PBXBuildFile; fileRef = 1E1F5C272B90B27800222B57 /* LaunchScreen.storyboard */; };
		1E1F5C312B90B3A900222B57 /* video1ViewController.swift in Sources */ = {isa = PBXBuildFile; fileRef = 1E1F5C302B90B3A900222B57 /* video1ViewController.swift */; };
		1E1F5C332B90CD6800222B57 /* video2ViewController.swift in Sources */ = {isa = PBXBuildFile; fileRef = 1E1F5C322B90CD6800222B57 /* video2ViewController.swift */; };
		1E1F5C372B91770000222B57 /* TableViewController.swift in Sources */ = {isa = PBXBuildFile; fileRef = 1E1F5C362B91770000222B57 /* TableViewController.swift */; };
/* End PBXBuildFile section */

/* Begin PBXFileReference section */
		1E1F5C192B90B27700222B57 /* morldIG.app */ = {isa = PBXFileReference; explicitFileType = wrapper.application; includeInIndex = 0; path = morldIG.app; sourceTree = BUILT_PRODUCTS_DIR; };
		1E1F5C1C2B90B27700222B57 /* AppDelegate.swift */ = {isa = PBXFileReference; lastKnownFileType = sourcecode.swift; path = AppDelegate.swift; sourceTree = "<group>"; };
		1E1F5C1E2B90B27700222B57 /* SceneDelegate.swift */ = {isa = PBXFileReference; lastKnownFileType = sourcecode.swift; path = SceneDelegate.swift; sourceTree = "<group>"; };
		1E1F5C202B90B27700222B57 /* ViewController.swift */ = {isa = PBXFileReference; lastKnownFileType = sourcecode.swift; path = ViewController.swift; sourceTree = "<group>"; };
		1E1F5C232B90B27700222B57 /* Base */ = {isa = PBXFileReference; lastKnownFileType = file.storyboard; name = Base; path = Base.lproj/Main.storyboard; sourceTree = "<group>"; };
		1E1F5C252B90B27800222B57 /* Assets.xcassets */ = {isa = PBXFileReference; lastKnownFileType = folder.assetcatalog; path = Assets.xcassets; sourceTree = "<group>"; };
		1E1F5C282B90B27800222B57 /* Base */ = {isa = PBXFileReference; lastKnownFileType = file.storyboard; name = Base; path = Base.lproj/LaunchScreen.storyboard; sourceTree = "<group>"; };
		1E1F5C2A2B90B27800222B57 /* Info.plist */ = {isa = PBXFileReference; lastKnownFileType = text.plist.xml; path = Info.plist; sourceTree = "<group>"; };
		1E1F5C302B90B3A900222B57 /* video1ViewController.swift */ = {isa = PBXFileReference; lastKnownFileType = sourcecode.swift; path = video1ViewController.swift; sourceTree = "<group>"; };
		1E1F5C322B90CD6800222B57 /* video2ViewController.swift */ = {isa = PBXFileReference; lastKnownFileType = sourcecode.swift; path = video2ViewController.swift; sourceTree = "<group>"; };
		1E1F5C362B91770000222B57 /* TableViewController.swift */ = {isa = PBXFileReference; lastKnownFileType = sourcecode.swift; path = TableViewController.swift; sourceTree = "<group>"; };
/* End PBXFileReference section */

/* Begin PBXFrameworksBuildPhase section */
		1E1F5C162B90B27700222B57 /* Frameworks */ = {
			isa = PBXFrameworksBuildPhase;
			buildActionMask = 2147483647;
			files = (
			);
			runOnlyForDeploymentPostprocessing = 0;
		};
/* End PBXFrameworksBuildPhase section */

/* Begin PBXGroup section */
		1E1F5C102B90B27700222B57 = {
			isa = PBXGroup;
			children = (
				1E1F5C1B2B90B27700222B57 /* morldIG */,
				1E1F5C1A2B90B27700222B57 /* Products */,
			);
			sourceTree = "<group>";
		};
		1E1F5C1A2B90B27700222B57 /* Products */ = {
			isa = PBXGroup;
			children = (
				1E1F5C192B90B27700222B57 /* morldIG.app */,
			);
			name = Products;
			sourceTree = "<group>";
		};
		1E1F5C1B2B90B27700222B57 /* morldIG */ = {
			isa = PBXGroup;
			children = (
				1E1F5C3A2B91816100222B57 /* Model */,
				1E1F5C392B91815200222B57 /* View */,
				1E1F5C382B91814300222B57 /* Controller */,
				1E1F5C1C2B90B27700222B57 /* AppDelegate.swift */,
				1E1F5C1E2B90B27700222B57 /* SceneDelegate.swift */,
				1E1F5C252B90B27800222B57 /* Assets.xcassets */,
				1E1F5C272B90B27800222B57 /* LaunchScreen.storyboard */,
				1E1F5C2A2B90B27800222B57 /* Info.plist */,
			);
			path = morldIG;
			sourceTree = "<group>";
		};
		1E1F5C382B91814300222B57 /* Controller */ = {
			isa = PBXGroup;
			children = (
				1E1F5C202B90B27700222B57 /* ViewController.swift */,
				1E1F5C302B90B3A900222B57 /* video1ViewController.swift */,
				1E1F5C322B90CD6800222B57 /* video2ViewController.swift */,
				1E1F5C362B91770000222B57 /* TableViewController.swift */,
			);
			path = Controller;
			sourceTree = "<group>";
		};
		1E1F5C392B91815200222B57 /* View */ = {
			isa = PBXGroup;
			children = (
				1E1F5C222B90B27700222B57 /* Main.storyboard */,
			);
			path = View;
			sourceTree = "<group>";
		};
		1E1F5C3A2B91816100222B57 /* Model */ = {
			isa = PBXGroup;
			children = (
			);
			path = Model;
			sourceTree = "<group>";
		};
/* End PBXGroup section */

/* Begin PBXNativeTarget section */
		1E1F5C182B90B27700222B57 /* morldIG */ = {
			isa = PBXNativeTarget;
			buildConfigurationList = 1E1F5C2D2B90B27800222B57 /* Build configuration list for PBXNativeTarget "morldIG" */;
			buildPhases = (
				1E1F5C152B90B27700222B57 /* Sources */,
				1E1F5C162B90B27700222B57 /* Frameworks */,
				1E1F5C172B90B27700222B57 /* Resources */,
			);
			buildRules = (
			);
			dependencies = (
			);
			name = morldIG;
			productName = morldIG;
			productReference = 1E1F5C192B90B27700222B57 /* morldIG.app */;
			productType = "com.apple.product-type.application";
		};
/* End PBXNativeTarget section */

/* Begin PBXProject section */
		1E1F5C112B90B27700222B57 /* Project object */ = {
			isa = PBXProject;
			attributes = {
				BuildIndependentTargetsInParallel = 1;
				LastSwiftUpdateCheck = 1500;
				LastUpgradeCheck = 1500;
				TargetAttributes = {
					1E1F5C182B90B27700222B57 = {
						CreatedOnToolsVersion = 15.0;
					};
				};
			};
			buildConfigurationList = 1E1F5C142B90B27700222B57 /* Build configuration list for PBXProject "morldIG" */;
			compatibilityVersion = "Xcode 14.0";
			developmentRegion = en;
			hasScannedForEncodings = 0;
			knownRegions = (
				en,
				Base,
			);
			mainGroup = 1E1F5C102B90B27700222B57;
			productRefGroup = 1E1F5C1A2B90B27700222B57 /* Products */;
			projectDirPath = "";
			projectRoot = "";
			targets = (
				1E1F5C182B90B27700222B57 /* morldIG */,
			);
		};
/* End PBXProject section */

/* Begin PBXResourcesBuildPhase section */
		1E1F5C172B90B27700222B57 /* Resources */ = {
			isa = PBXResourcesBuildPhase;
			buildActionMask = 2147483647;
			files = (
				1E1F5C292B90B27800222B57 /* LaunchScreen.storyboard in Resources */,
				1E1F5C262B90B27800222B57 /* Assets.xcassets in Resources */,
				1E1F5C242B90B27700222B57 /* Main.storyboard in Resources */,
			);
			runOnlyForDeploymentPostprocessing = 0;
		};
/* End PBXResourcesBuildPhase section */

/* Begin PBXSourcesBuildPhase section */
		1E1F5C152B90B27700222B57 /* Sources */ = {
			isa = PBXSourcesBuildPhase;
			buildActionMask = 2147483647;
			files = (
				1E1F5C312B90B3A900222B57 /* video1ViewController.swift in Sources */,
				1E1F5C372B91770000222B57 /* TableViewController.swift in Sources */,
				1E1F5C212B90B27700222B57 /* ViewController.swift in Sources */,
				1E1F5C1D2B90B27700222B57 /* AppDelegate.swift in Sources */,
				1E1F5C1F2B90B27700222B57 /* SceneDelegate.swift in Sources */,
				1E1F5C332B90CD6800222B57 /* video2ViewController.swift in Sources */,
			);
			runOnlyForDeploymentPostprocessing = 0;
		};
/* End PBXSourcesBuildPhase section */

/* Begin PBXVariantGroup section */
		1E1F5C222B90B27700222B57 /* Main.storyboard */ = {
			isa = PBXVariantGroup;
			children = (
				1E1F5C232B90B27700222B57 /* Base */,
			);
			name = Main.storyboard;
			sourceTree = "<group>";
		};
		1E1F5C272B90B27800222B57 /* LaunchScreen.storyboard */ = {
			isa = PBXVariantGroup;
			children = (
				1E1F5C282B90B27800222B57 /* Base */,
			);
			name = LaunchScreen.storyboard;
			sourceTree = "<group>";
		};
/* End PBXVariantGroup section */

/* Begin XCBuildConfiguration section */
		1E1F5C2B2B90B27800222B57 /* Debug */ = {
			isa = XCBuildConfiguration;
			buildSettings = {
				ALWAYS_SEARCH_USER_PATHS = NO;
				ASSETCATALOG_COMPILER_GENERATE_SWIFT_ASSET_SYMBOL_EXTENSIONS = YES;
				CLANG_ANALYZER_NONNULL = YES;
				CLANG_ANALYZER_NUMBER_OBJECT_CONVERSION = YES_AGGRESSIVE;
				CLANG_CXX_LANGUAGE_STANDARD = "gnu++20";
				CLANG_ENABLE_MODULES = YES;
				CLANG_ENABLE_OBJC_ARC = YES;
				CLANG_ENABLE_OBJC_WEAK = YES;
				CLANG_WARN_BLOCK_CAPTURE_AUTORELEASING = YES;
				CLANG_WARN_BOOL_CONVERSION = YES;
				CLANG_WARN_COMMA = YES;
				CLANG_WARN_CONSTANT_CONVERSION = YES;
				CLANG_WARN_DEPRECATED_OBJC_IMPLEMENTATIONS = YES;
				CLANG_WARN_DIRECT_OBJC_ISA_USAGE = YES_ERROR;
				CLANG_WARN_DOCUMENTATION_COMMENTS = YES;
				CLANG_WARN_EMPTY_BODY = YES;
				CLANG_WARN_ENUM_CONVERSION = YES;
				CLANG_WARN_INFINITE_RECURSION = YES;
				CLANG_WARN_INT_CONVERSION = YES;
				CLANG_WARN_NON_LITERAL_NULL_CONVERSION = YES;
				CLANG_WARN_OBJC_IMPLICIT_RETAIN_SELF = YES;
				CLANG_WARN_OBJC_LITERAL_CONVERSION = YES;
				CLANG_WARN_OBJC_ROOT_CLASS = YES_ERROR;
				CLANG_WARN_QUOTED_INCLUDE_IN_FRAMEWORK_HEADER = YES;
				CLANG_WARN_RANGE_LOOP_ANALYSIS = YES;
				CLANG_WARN_STRICT_PROTOTYPES = YES;
				CLANG_WARN_SUSPICIOUS_MOVE = YES;
				CLANG_WARN_UNGUARDED_AVAILABILITY = YES_AGGRESSIVE;
				CLANG_WARN_UNREACHABLE_CODE = YES;
				CLANG_WARN__DUPLICATE_METHOD_MATCH = YES;
				COPY_PHASE_STRIP = NO;
				DEBUG_INFORMATION_FORMAT = dwarf;
				ENABLE_STRICT_OBJC_MSGSEND = YES;
				ENABLE_TESTABILITY = YES;
				ENABLE_USER_SCRIPT_SANDBOXING = YES;
				GCC_C_LANGUAGE_STANDARD = gnu17;
				GCC_DYNAMIC_NO_PIC = NO;
				GCC_NO_COMMON_BLOCKS = YES;
				GCC_OPTIMIZATION_LEVEL = 0;
				GCC_PREPROCESSOR_DEFINITIONS = (
					"DEBUG=1",
					"$(inherited)",
				);
				GCC_WARN_64_TO_32_BIT_CONVERSION = YES;
				GCC_WARN_ABOUT_RETURN_TYPE = YES_ERROR;
				GCC_WARN_UNDECLARED_SELECTOR = YES;
				GCC_WARN_UNINITIALIZED_AUTOS = YES_AGGRESSIVE;
				GCC_WARN_UNUSED_FUNCTION = YES;
				GCC_WARN_UNUSED_VARIABLE = YES;
				IPHONEOS_DEPLOYMENT_TARGET = 17.0;
				LOCALIZATION_PREFERS_STRING_CATALOGS = YES;
				MTL_ENABLE_DEBUG_INFO = INCLUDE_SOURCE;
				MTL_FAST_MATH = YES;
				ONLY_ACTIVE_ARCH = YES;
				SDKROOT = iphoneos;
				SWIFT_ACTIVE_COMPILATION_CONDITIONS = "DEBUG $(inherited)";
				SWIFT_OPTIMIZATION_LEVEL = "-Onone";
			};
			name = Debug;
		};
		1E1F5C2C2B90B27800222B57 /* Release */ = {
			isa = XCBuildConfiguration;
			buildSettings = {
				ALWAYS_SEARCH_USER_PATHS = NO;
				ASSETCATALOG_COMPILER_GENERATE_SWIFT_ASSET_SYMBOL_EXTENSIONS = YES;
				CLANG_ANALYZER_NONNULL = YES;
				CLANG_ANALYZER_NUMBER_OBJECT_CONVERSION = YES_AGGRESSIVE;
				CLANG_CXX_LANGUAGE_STANDARD = "gnu++20";
				CLANG_ENABLE_MODULES = YES;
				CLANG_ENABLE_OBJC_ARC = YES;
				CLANG_ENABLE_OBJC_WEAK = YES;
				CLANG_WARN_BLOCK_CAPTURE_AUTORELEASING = YES;
				CLANG_WARN_BOOL_CONVERSION = YES;
				CLANG_WARN_COMMA = YES;
				CLANG_WARN_CONSTANT_CONVERSION = YES;
				CLANG_WARN_DEPRECATED_OBJC_IMPLEMENTATIONS = YES;
				CLANG_WARN_DIRECT_OBJC_ISA_USAGE = YES_ERROR;
				CLANG_WARN_DOCUMENTATION_COMMENTS = YES;
				CLANG_WARN_EMPTY_BODY = YES;
				CLANG_WARN_ENUM_CONVERSION = YES;
				CLANG_WARN_INFINITE_RECURSION = YES;
				CLANG_WARN_INT_CONVERSION = YES;
				CLANG_WARN_NON_LITERAL_NULL_CONVERSION = YES;
				CLANG_WARN_OBJC_IMPLICIT_RETAIN_SELF = YES;
				CLANG_WARN_OBJC_LITERAL_CONVERSION = YES;
				CLANG_WARN_OBJC_ROOT_CLASS = YES_ERROR;
				CLANG_WARN_QUOTED_INCLUDE_IN_FRAMEWORK_HEADER = YES;
				CLANG_WARN_RANGE_LOOP_ANALYSIS = YES;
				CLANG_WARN_STRICT_PROTOTYPES = YES;
				CLANG_WARN_SUSPICIOUS_MOVE = YES;
				CLANG_WARN_UNGUARDED_AVAILABILITY = YES_AGGRESSIVE;
				CLANG_WARN_UNREACHABLE_CODE = YES;
				CLANG_WARN__DUPLICATE_METHOD_MATCH = YES;
				COPY_PHASE_STRIP = NO;
				DEBUG_INFORMATION_FORMAT = "dwarf-with-dsym";
				ENABLE_NS_ASSERTIONS = NO;
				ENABLE_STRICT_OBJC_MSGSEND = YES;
				ENABLE_USER_SCRIPT_SANDBOXING = YES;
				GCC_C_LANGUAGE_STANDARD = gnu17;
				GCC_NO_COMMON_BLOCKS = YES;
				GCC_WARN_64_TO_32_BIT_CONVERSION = YES;
				GCC_WARN_ABOUT_RETURN_TYPE = YES_ERROR;
				GCC_WARN_UNDECLARED_SELECTOR = YES;
				GCC_WARN_UNINITIALIZED_AUTOS = YES_AGGRESSIVE;
				GCC_WARN_UNUSED_FUNCTION = YES;
				GCC_WARN_UNUSED_VARIABLE = YES;
				IPHONEOS_DEPLOYMENT_TARGET = 17.0;
				LOCALIZATION_PREFERS_STRING_CATALOGS = YES;
				MTL_ENABLE_DEBUG_INFO = NO;
				MTL_FAST_MATH = YES;
				SDKROOT = iphoneos;
				SWIFT_COMPILATION_MODE = wholemodule;
				VALIDATE_PRODUCT = YES;
			};
			name = Release;
		};
		1E1F5C2E2B90B27800222B57 /* Debug */ = {
			isa = XCBuildConfiguration;
			buildSettings = {
				ASSETCATALOG_COMPILER_APPICON_NAME = AppIcon;
				ASSETCATALOG_COMPILER_GLOBAL_ACCENT_COLOR_NAME = AccentColor;
				CODE_SIGN_STYLE = Automatic;
				CURRENT_PROJECT_VERSION = 1;
				DEVELOPMENT_TEAM = DN3ZPRBFG4;
				GENERATE_INFOPLIST_FILE = YES;
				INFOPLIST_FILE = morldIG/Info.plist;
				INFOPLIST_KEY_UIApplicationSupportsIndirectInputEvents = YES;
				INFOPLIST_KEY_UILaunchStoryboardName = LaunchScreen;
				INFOPLIST_KEY_UIMainStoryboardFile = Main;
				INFOPLIST_KEY_UISupportedInterfaceOrientations_iPad = "UIInterfaceOrientationPortrait UIInterfaceOrientationPortraitUpsideDown UIInterfaceOrientationLandscapeLeft UIInterfaceOrientationLandscapeRight";
				INFOPLIST_KEY_UISupportedInterfaceOrientations_iPhone = "UIInterfaceOrientationPortrait UIInterfaceOrientationLandscapeLeft UIInterfaceOrientationLandscapeRight";
				LD_RUNPATH_SEARCH_PATHS = (
					"$(inherited)",
					"@executable_path/Frameworks",
				);
				MARKETING_VERSION = 1.0;
				PRODUCT_BUNDLE_IDENTIFIER = com.Peanut.morldIG;
				PRODUCT_NAME = "$(TARGET_NAME)";
				SWIFT_EMIT_LOC_STRINGS = YES;
				SWIFT_VERSION = 5.0;
				TARGETED_DEVICE_FAMILY = "1,2";
			};
			name = Debug;
		};
		1E1F5C2F2B90B27800222B57 /* Release */ = {
			isa = XCBuildConfiguration;
			buildSettings = {
				ASSETCATALOG_COMPILER_APPICON_NAME = AppIcon;
				ASSETCATALOG_COMPILER_GLOBAL_ACCENT_COLOR_NAME = AccentColor;
				CODE_SIGN_STYLE = Automatic;
				CURRENT_PROJECT_VERSION = 1;
				DEVELOPMENT_TEAM = DN3ZPRBFG4;
				GENERATE_INFOPLIST_FILE = YES;
				INFOPLIST_FILE = morldIG/Info.plist;
				INFOPLIST_KEY_UIApplicationSupportsIndirectInputEvents = YES;
				INFOPLIST_KEY_UILaunchStoryboardName = LaunchScreen;
				INFOPLIST_KEY_UIMainStoryboardFile = Main;
				INFOPLIST_KEY_UISupportedInterfaceOrientations_iPad = "UIInterfaceOrientationPortrait UIInterfaceOrientationPortraitUpsideDown UIInterfaceOrientationLandscapeLeft UIInterfaceOrientationLandscapeRight";
				INFOPLIST_KEY_UISupportedInterfaceOrientations_iPhone = "UIInterfaceOrientationPortrait UIInterfaceOrientationLandscapeLeft UIInterfaceOrientationLandscapeRight";
				LD_RUNPATH_SEARCH_PATHS = (
					"$(inherited)",
					"@executable_path/Frameworks",
				);
				MARKETING_VERSION = 1.0;
				PRODUCT_BUNDLE_IDENTIFIER = com.Peanut.morldIG;
				PRODUCT_NAME = "$(TARGET_NAME)";
				SWIFT_EMIT_LOC_STRINGS = YES;
				SWIFT_VERSION = 5.0;
				TARGETED_DEVICE_FAMILY = "1,2";
			};
			name = Release;
		};
/* End XCBuildConfiguration section */

/* Begin XCConfigurationList section */
		1E1F5C142B90B27700222B57 /* Build configuration list for PBXProject "morldIG" */ = {
			isa = XCConfigurationList;
			buildConfigurations = (
				1E1F5C2B2B90B27800222B57 /* Debug */,
				1E1F5C2C2B90B27800222B57 /* Release */,
			);
			defaultConfigurationIsVisible = 0;
			defaultConfigurationName = Release;
		};
		1E1F5C2D2B90B27800222B57 /* Build configuration list for PBXNativeTarget "morldIG" */ = {
			isa = XCConfigurationList;
			buildConfigurations = (
				1E1F5C2E2B90B27800222B57 /* Debug */,
				1E1F5C2F2B90B27800222B57 /* Release */,
			);
			defaultConfigurationIsVisible = 0;
			defaultConfigurationName = Release;
		};
/* End XCConfigurationList section */
	};
	rootObject = 1E1F5C112B90B27700222B57 /* Project object */;
}
